// !$*UTF8*$!
{
	archiveVersion = 1;
	classes = {
	};
	objectVersion = 77;
	objects = {

/* Begin PBXBuildFile section */
		0EF75180E8857625FD7A541E /* SaveTests.swift in Sources */ = {isa = PBXBuildFile; fileRef = F30BBD1CF36BE1553C3006C0 /* SaveTests.swift */; };
		0FCF22D5C1C0083028CC767D /* DirectorySkillRepoBaseTests.swift in Sources */ = {isa = PBXBuildFile; fileRef = 32C3ED76D93B87D3760F13D5 /* DirectorySkillRepoBaseTests.swift */; };
		28AA38473CB28B98EFD6A151 /* SourceKind.swift in Sources */ = {isa = PBXBuildFile; fileRef = 7881774EC87AE9C17718DF1E /* SourceKind.swift */; };
		2C86EE86DC8FB7AF30687A02 /* NewItemSheet.swift in Sources */ = {isa = PBXBuildFile; fileRef = 600C6EBE0149891D10C51E20 /* NewItemSheet.swift */; };
		32FA61E601A6A0EE3060C42A /* AnalysisCacheStoreTests.swift in Sources */ = {isa = PBXBuildFile; fileRef = 413AA25727D81D7350CE7A69 /* AnalysisCacheStoreTests.swift */; };
		3CBD0C5BF9E06C1E16F0FF5C /* DetailView.swift in Sources */ = {isa = PBXBuildFile; fileRef = 1B36BDB16E790DF0E2384444 /* DetailView.swift */; };
		411D4BE74D822A2FB8AE9FCD /* CursorRulesRepoTests.swift in Sources */ = {isa = PBXBuildFile; fileRef = 6AC3913CA7A36E9666E76963 /* CursorRulesRepoTests.swift */; };
		419C4BA5B9B83DDC51046E9E /* CodexSkillsRepo.swift in Sources */ = {isa = PBXBuildFile; fileRef = 0C71990FDF4B1ADE40ED9C2B /* CodexSkillsRepo.swift */; };
		475BB9D248CE07FCC731D68B /* Yams in Frameworks */ = {isa = PBXBuildFile; productRef = 6C9B7369E760D8E63DF908B5 /* Yams */; };
		483506AA81EAF2BEA17B0D78 /* SourceScope.swift in Sources */ = {isa = PBXBuildFile; fileRef = DE564374E0DAFDD4A123634E /* SourceScope.swift */; };
		500775ACF1EF5BE2C4E61C26 /* SkillRepository.swift in Sources */ = {isa = PBXBuildFile; fileRef = B278093D3AC0B67662DB0FA6 /* SkillRepository.swift */; };
		54493854C42B31E53923237F /* ClaudeSkillsRepo.swift in Sources */ = {isa = PBXBuildFile; fileRef = 3EF4D8D1EC04CFDDED52F26D /* ClaudeSkillsRepo.swift */; };
		5577C44D81276CCB9FDF3D54 /* AppRoot.swift in Sources */ = {isa = PBXBuildFile; fileRef = F3AEB663FE8174780E3451B7 /* AppRoot.swift */; };
		56A42DE5D3EEE79D64FCC0B4 /* CursorRulesRepo.swift in Sources */ = {isa = PBXBuildFile; fileRef = FB7A8F7190CA980A10A0E29C /* CursorRulesRepo.swift */; };
		6318E9A4A319C4356CCA6699 /* SidebarView.swift in Sources */ = {isa = PBXBuildFile; fileRef = DAA85E73DA209D4135748E09 /* SidebarView.swift */; };
		6C7C349AE4D3F4FB31909B06 /* dir-source in Resources */ = {isa = PBXBuildFile; fileRef = F89F090AE1A1F8D810BA699B /* dir-source */; };
		70151E255FB52F58B7D5CFCF /* ProjectRegistry.swift in Sources */ = {isa = PBXBuildFile; fileRef = 14E28DD182D2F6F9A5B293FC /* ProjectRegistry.swift */; };
		718984EB2832A4A9DD147F9D /* DetailEditorVMTests.swift in Sources */ = {isa = PBXBuildFile; fileRef = 0E92BA8BC6FD2BD9BC5D4460 /* DetailEditorVMTests.swift */; };
		738933754D77244C25B68A07 /* AppStore.swift in Sources */ = {isa = PBXBuildFile; fileRef = 64F122FF0179E158B08C6C02 /* AppStore.swift */; };
		770D3EDB10B5BCA855BBE0E9 /* YAMLFrontmatterTests.swift in Sources */ = {isa = PBXBuildFile; fileRef = 117FDE8C6FBCFA77CFA20799 /* YAMLFrontmatterTests.swift */; };
		7A5BAB819921FE85A0AED128 /* CursorSkillsRepo.swift in Sources */ = {isa = PBXBuildFile; fileRef = 03C6E28248DA1CC94740E83C /* CursorSkillsRepo.swift */; };
		7AA564264DB5C345B1686521 /* SkillItemID.swift in Sources */ = {isa = PBXBuildFile; fileRef = 708632DD082380E6D47CE76A /* SkillItemID.swift */; };
		7D41F041CD3B38B11FEFB02D /* PlaceholderTest.swift in Sources */ = {isa = PBXBuildFile; fileRef = ED3CBB976CEC13EA4D14E39D /* PlaceholderTest.swift */; };
		7E266D548CBF7C19A851E625 /* AnalysisCacheStore.swift in Sources */ = {isa = PBXBuildFile; fileRef = 150D834529CFA3BD91A265CD /* AnalysisCacheStore.swift */; };
		930C165B12308C8A765681E3 /* DetailEditorVM.swift in Sources */ = {isa = PBXBuildFile; fileRef = 20FAB66DF61027C44ACA7BA3 /* DetailEditorVM.swift */; };
		9ED3B82B58702504E94C3B59 /* SkillItem.swift in Sources */ = {isa = PBXBuildFile; fileRef = E62292AA1601C8EAB694D90B /* SkillItem.swift */; };
		A2F3F413E91FCF5CAD477C25 /* ItemListView.swift in Sources */ = {isa = PBXBuildFile; fileRef = 8D53E8E1A49B88CA8F889416 /* ItemListView.swift */; };
		A3AE1B41D535E53FE4E97CDD /* ProjectRegistryTests.swift in Sources */ = {isa = PBXBuildFile; fileRef = E6AEB3E6A1F171F9DD5C8177 /* ProjectRegistryTests.swift */; };
		BD832EBABBF1A19936C1065E /* PreferencesStoreTests.swift in Sources */ = {isa = PBXBuildFile; fileRef = 54ED7C51277DAFD8B6607C8D /* PreferencesStoreTests.swift */; };
		C5B1254B0D92A2136017463A /* Assets.xcassets in Resources */ = {isa = PBXBuildFile; fileRef = E4916C73076E018BB611BBC5 /* Assets.xcassets */; };
		C90B44E9E81323FC926A42C4 /* YAMLFrontmatter.swift in Sources */ = {isa = PBXBuildFile; fileRef = D4ABED7488C6CC66456198EA /* YAMLFrontmatter.swift */; };
		CBF86D8745C9DFE92498F7C3 /* PreferencesStore.swift in Sources */ = {isa = PBXBuildFile; fileRef = 352FB3407AC5AFCA3F7CEBCB /* PreferencesStore.swift */; };
		CD21DAB942D4B12DEBC88141 /* CreateDeleteTests.swift in Sources */ = {isa = PBXBuildFile; fileRef = F28A63EFEFE93664EC46C90E /* CreateDeleteTests.swift */; };
		DEB649D27D4266B183EBD8A9 /* AISkillManagerApp.swift in Sources */ = {isa = PBXBuildFile; fileRef = B2D59857B83F90C9D3AE910F /* AISkillManagerApp.swift */; };
		E46B5FF7CC1A736B6FEF9234 /* AppStoreTests.swift in Sources */ = {isa = PBXBuildFile; fileRef = D6C77A00599D756AF78002CF /* AppStoreTests.swift */; };
		EB8F5B5F0586C599A31024E5 /* DirectorySkillRepoBase.swift in Sources */ = {isa = PBXBuildFile; fileRef = F3FB3B7C24891050F640A927 /* DirectorySkillRepoBase.swift */; };
		F0EF0292D9E979AB5CBE0D4C /* Project.swift in Sources */ = {isa = PBXBuildFile; fileRef = F30FAE5F3E438EC8E9C41E88 /* Project.swift */; };
		F3B296E0E8DCF4C089EB797D /* cursor-rules in Resources */ = {isa = PBXBuildFile; fileRef = 8C989A4CA8FC5B63369A3661 /* cursor-rules */; };
		F9F9EB5E98B21778C3C826F3 /* AtomicWriter.swift in Sources */ = {isa = PBXBuildFile; fileRef = 3F243EE249031A93992BAFF1 /* AtomicWriter.swift */; };
/* End PBXBuildFile section */

/* Begin PBXContainerItemProxy section */
		58B9259684CA4DDD13475C99 /* PBXContainerItemProxy */ = {
			isa = PBXContainerItemProxy;
			containerPortal = 3BC7451B77588FAAF101764B /* Project object */;
			proxyType = 1;
			remoteGlobalIDString = DCABE19316DE1EB364D7893E;
			remoteInfo = AISkillManager;
		};
/* End PBXContainerItemProxy section */

/* Begin PBXFileReference section */
		03C6E28248DA1CC94740E83C /* CursorSkillsRepo.swift */ = {isa = PBXFileReference; lastKnownFileType = sourcecode.swift; path = CursorSkillsRepo.swift; sourceTree = "<group>"; };
		0C71990FDF4B1ADE40ED9C2B /* CodexSkillsRepo.swift */ = {isa = PBXFileReference; lastKnownFileType = sourcecode.swift; path = CodexSkillsRepo.swift; sourceTree = "<group>"; };
		0E92BA8BC6FD2BD9BC5D4460 /* DetailEditorVMTests.swift */ = {isa = PBXFileReference; lastKnownFileType = sourcecode.swift; path = DetailEditorVMTests.swift; sourceTree = "<group>"; };
		117FDE8C6FBCFA77CFA20799 /* YAMLFrontmatterTests.swift */ = {isa = PBXFileReference; lastKnownFileType = sourcecode.swift; path = YAMLFrontmatterTests.swift; sourceTree = "<group>"; };
		14E28DD182D2F6F9A5B293FC /* ProjectRegistry.swift */ = {isa = PBXFileReference; lastKnownFileType = sourcecode.swift; path = ProjectRegistry.swift; sourceTree = "<group>"; };
		150D834529CFA3BD91A265CD /* AnalysisCacheStore.swift */ = {isa = PBXFileReference; lastKnownFileType = sourcecode.swift; path = AnalysisCacheStore.swift; sourceTree = "<group>"; };
		1B36BDB16E790DF0E2384444 /* DetailView.swift */ = {isa = PBXFileReference; lastKnownFileType = sourcecode.swift; path = DetailView.swift; sourceTree = "<group>"; };
		20FAB66DF61027C44ACA7BA3 /* DetailEditorVM.swift */ = {isa = PBXFileReference; lastKnownFileType = sourcecode.swift; path = DetailEditorVM.swift; sourceTree = "<group>"; };
		32C3ED76D93B87D3760F13D5 /* DirectorySkillRepoBaseTests.swift */ = {isa = PBXFileReference; lastKnownFileType = sourcecode.swift; path = DirectorySkillRepoBaseTests.swift; sourceTree = "<group>"; };
		352FB3407AC5AFCA3F7CEBCB /* PreferencesStore.swift */ = {isa = PBXFileReference; lastKnownFileType = sourcecode.swift; path = PreferencesStore.swift; sourceTree = "<group>"; };
		3EF4D8D1EC04CFDDED52F26D /* ClaudeSkillsRepo.swift */ = {isa = PBXFileReference; lastKnownFileType = sourcecode.swift; path = ClaudeSkillsRepo.swift; sourceTree = "<group>"; };
		3F243EE249031A93992BAFF1 /* AtomicWriter.swift */ = {isa = PBXFileReference; lastKnownFileType = sourcecode.swift; path = AtomicWriter.swift; sourceTree = "<group>"; };
		413AA25727D81D7350CE7A69 /* AnalysisCacheStoreTests.swift */ = {isa = PBXFileReference; lastKnownFileType = sourcecode.swift; path = AnalysisCacheStoreTests.swift; sourceTree = "<group>"; };
		54ED7C51277DAFD8B6607C8D /* PreferencesStoreTests.swift */ = {isa = PBXFileReference; lastKnownFileType = sourcecode.swift; path = PreferencesStoreTests.swift; sourceTree = "<group>"; };
		600C6EBE0149891D10C51E20 /* NewItemSheet.swift */ = {isa = PBXFileReference; lastKnownFileType = sourcecode.swift; path = NewItemSheet.swift; sourceTree = "<group>"; };
		64F122FF0179E158B08C6C02 /* AppStore.swift */ = {isa = PBXFileReference; lastKnownFileType = sourcecode.swift; path = AppStore.swift; sourceTree = "<group>"; };
		6AC3913CA7A36E9666E76963 /* CursorRulesRepoTests.swift */ = {isa = PBXFileReference; lastKnownFileType = sourcecode.swift; path = CursorRulesRepoTests.swift; sourceTree = "<group>"; };
		708632DD082380E6D47CE76A /* SkillItemID.swift */ = {isa = PBXFileReference; lastKnownFileType = sourcecode.swift; path = SkillItemID.swift; sourceTree = "<group>"; };
		7881774EC87AE9C17718DF1E /* SourceKind.swift */ = {isa = PBXFileReference; lastKnownFileType = sourcecode.swift; path = SourceKind.swift; sourceTree = "<group>"; };
		8C989A4CA8FC5B63369A3661 /* cursor-rules */ = {isa = PBXFileReference; lastKnownFileType = folder; name = "cursor-rules"; path = "AISkillManagerTests/Fixtures/cursor-rules"; sourceTree = SOURCE_ROOT; };
		8D53E8E1A49B88CA8F889416 /* ItemListView.swift */ = {isa = PBXFileReference; lastKnownFileType = sourcecode.swift; path = ItemListView.swift; sourceTree = "<group>"; };
		B278093D3AC0B67662DB0FA6 /* SkillRepository.swift */ = {isa = PBXFileReference; lastKnownFileType = sourcecode.swift; path = SkillRepository.swift; sourceTree = "<group>"; };
		B2D59857B83F90C9D3AE910F /* AISkillManagerApp.swift */ = {isa = PBXFileReference; lastKnownFileType = sourcecode.swift; path = AISkillManagerApp.swift; sourceTree = "<group>"; };
		D4ABED7488C6CC66456198EA /* YAMLFrontmatter.swift */ = {isa = PBXFileReference; lastKnownFileType = sourcecode.swift; path = YAMLFrontmatter.swift; sourceTree = "<group>"; };
		D6C77A00599D756AF78002CF /* AppStoreTests.swift */ = {isa = PBXFileReference; lastKnownFileType = sourcecode.swift; path = AppStoreTests.swift; sourceTree = "<group>"; };
		DAA85E73DA209D4135748E09 /* SidebarView.swift */ = {isa = PBXFileReference; lastKnownFileType = sourcecode.swift; path = SidebarView.swift; sourceTree = "<group>"; };
		DD4D8B011E86F5A2BA387C2E /* AISkillManagerTests.xctest */ = {isa = PBXFileReference; explicitFileType = wrapper.cfbundle; includeInIndex = 0; path = AISkillManagerTests.xctest; sourceTree = BUILT_PRODUCTS_DIR; };
		DE564374E0DAFDD4A123634E /* SourceScope.swift */ = {isa = PBXFileReference; lastKnownFileType = sourcecode.swift; path = SourceScope.swift; sourceTree = "<group>"; };
		E4916C73076E018BB611BBC5 /* Assets.xcassets */ = {isa = PBXFileReference; lastKnownFileType = folder.assetcatalog; path = Assets.xcassets; sourceTree = "<group>"; };
		E62292AA1601C8EAB694D90B /* SkillItem.swift */ = {isa = PBXFileReference; lastKnownFileType = sourcecode.swift; path = SkillItem.swift; sourceTree = "<group>"; };
		E6AEB3E6A1F171F9DD5C8177 /* ProjectRegistryTests.swift */ = {isa = PBXFileReference; lastKnownFileType = sourcecode.swift; path = ProjectRegistryTests.swift; sourceTree = "<group>"; };
		EC4785B3C7CBC3C9BDD2E834 /* AISkillManager.app */ = {isa = PBXFileReference; explicitFileType = wrapper.application; includeInIndex = 0; path = AISkillManager.app; sourceTree = BUILT_PRODUCTS_DIR; };
		ED3CBB976CEC13EA4D14E39D /* PlaceholderTest.swift */ = {isa = PBXFileReference; lastKnownFileType = sourcecode.swift; path = PlaceholderTest.swift; sourceTree = "<group>"; };
		F28A63EFEFE93664EC46C90E /* CreateDeleteTests.swift */ = {isa = PBXFileReference; lastKnownFileType = sourcecode.swift; path = CreateDeleteTests.swift; sourceTree = "<group>"; };
		F30BBD1CF36BE1553C3006C0 /* SaveTests.swift */ = {isa = PBXFileReference; lastKnownFileType = sourcecode.swift; path = SaveTests.swift; sourceTree = "<group>"; };
		F30FAE5F3E438EC8E9C41E88 /* Project.swift */ = {isa = PBXFileReference; lastKnownFileType = sourcecode.swift; path = Project.swift; sourceTree = "<group>"; };
		F3AEB663FE8174780E3451B7 /* AppRoot.swift */ = {isa = PBXFileReference; lastKnownFileType = sourcecode.swift; path = AppRoot.swift; sourceTree = "<group>"; };
		F3FB3B7C24891050F640A927 /* DirectorySkillRepoBase.swift */ = {isa = PBXFileReference; lastKnownFileType = sourcecode.swift; path = DirectorySkillRepoBase.swift; sourceTree = "<group>"; };
		F89F090AE1A1F8D810BA699B /* dir-source */ = {isa = PBXFileReference; lastKnownFileType = folder; name = "dir-source"; path = "AISkillManagerTests/Fixtures/dir-source"; sourceTree = SOURCE_ROOT; };
		FB7A8F7190CA980A10A0E29C /* CursorRulesRepo.swift */ = {isa = PBXFileReference; lastKnownFileType = sourcecode.swift; path = CursorRulesRepo.swift; sourceTree = "<group>"; };
/* End PBXFileReference section */

/* Begin PBXFrameworksBuildPhase section */
		F4A33D0DD2128D2B68075B23 /* Frameworks */ = {
			isa = PBXFrameworksBuildPhase;
			buildActionMask = 2147483647;
			files = (
				475BB9D248CE07FCC731D68B /* Yams in Frameworks */,
			);
			runOnlyForDeploymentPostprocessing = 0;
		};
/* End PBXFrameworksBuildPhase section */

/* Begin PBXGroup section */
		0C2B093D18AA254583E7E188 /* Resources */ = {
			isa = PBXGroup;
			children = (
				E4916C73076E018BB611BBC5 /* Assets.xcassets */,
			);
			path = Resources;
			sourceTree = "<group>";
		};
		24CF6D9BC33B2B2C2A30B1D4 /* Repositories */ = {
			isa = PBXGroup;
			children = (
				3EF4D8D1EC04CFDDED52F26D /* ClaudeSkillsRepo.swift */,
				0C71990FDF4B1ADE40ED9C2B /* CodexSkillsRepo.swift */,
				FB7A8F7190CA980A10A0E29C /* CursorRulesRepo.swift */,
				03C6E28248DA1CC94740E83C /* CursorSkillsRepo.swift */,
				F3FB3B7C24891050F640A927 /* DirectorySkillRepoBase.swift */,
				B278093D3AC0B67662DB0FA6 /* SkillRepository.swift */,
			);
			path = Repositories;
			sourceTree = "<group>";
		};
		433B1CF3B987451DB2501989 /* Models */ = {
			isa = PBXGroup;
			children = (
				F30FAE5F3E438EC8E9C41E88 /* Project.swift */,
				E62292AA1601C8EAB694D90B /* SkillItem.swift */,
				708632DD082380E6D47CE76A /* SkillItemID.swift */,
				7881774EC87AE9C17718DF1E /* SourceKind.swift */,
				DE564374E0DAFDD4A123634E /* SourceScope.swift */,
			);
			path = Models;
			sourceTree = "<group>";
		};
		563E973350A2649ED016AF8C = {
			isa = PBXGroup;
			children = (
				F29CB5ECC85D5EB6148FDDB8 /* AISkillManager */,
				A9E8D33CE440820792DB4DD0 /* AISkillManagerTests */,
				674291DC7CE866909E5E4B35 /* Products */,
			);
			sourceTree = "<group>";
		};
		674291DC7CE866909E5E4B35 /* Products */ = {
			isa = PBXGroup;
			children = (
				EC4785B3C7CBC3C9BDD2E834 /* AISkillManager.app */,
				DD4D8B011E86F5A2BA387C2E /* AISkillManagerTests.xctest */,
			);
			name = Products;
			sourceTree = "<group>";
		};
		7C2ECAB81BE6B12F1B360BE0 /* Infrastructure */ = {
			isa = PBXGroup;
			children = (
				150D834529CFA3BD91A265CD /* AnalysisCacheStore.swift */,
				3F243EE249031A93992BAFF1 /* AtomicWriter.swift */,
				352FB3407AC5AFCA3F7CEBCB /* PreferencesStore.swift */,
				D4ABED7488C6CC66456198EA /* YAMLFrontmatter.swift */,
			);
			path = Infrastructure;
			sourceTree = "<group>";
		};
		8FDB91BBF77DF72A05238067 /* Views */ = {
			isa = PBXGroup;
			children = (
				1B36BDB16E790DF0E2384444 /* DetailView.swift */,
				8D53E8E1A49B88CA8F889416 /* ItemListView.swift */,
				600C6EBE0149891D10C51E20 /* NewItemSheet.swift */,
				DAA85E73DA209D4135748E09 /* SidebarView.swift */,
			);
			path = Views;
			sourceTree = "<group>";
		};
		A41C2CCFBA31E8127A318097 /* ViewModels */ = {
			isa = PBXGroup;
			children = (
				64F122FF0179E158B08C6C02 /* AppStore.swift */,
				20FAB66DF61027C44ACA7BA3 /* DetailEditorVM.swift */,
				14E28DD182D2F6F9A5B293FC /* ProjectRegistry.swift */,
			);
			path = ViewModels;
			sourceTree = "<group>";
		};
		A9E8D33CE440820792DB4DD0 /* AISkillManagerTests */ = {
			isa = PBXGroup;
			children = (
				413AA25727D81D7350CE7A69 /* AnalysisCacheStoreTests.swift */,
				D6C77A00599D756AF78002CF /* AppStoreTests.swift */,
				F28A63EFEFE93664EC46C90E /* CreateDeleteTests.swift */,
				6AC3913CA7A36E9666E76963 /* CursorRulesRepoTests.swift */,
				0E92BA8BC6FD2BD9BC5D4460 /* DetailEditorVMTests.swift */,
				32C3ED76D93B87D3760F13D5 /* DirectorySkillRepoBaseTests.swift */,
				ED3CBB976CEC13EA4D14E39D /* PlaceholderTest.swift */,
				54ED7C51277DAFD8B6607C8D /* PreferencesStoreTests.swift */,
				E6AEB3E6A1F171F9DD5C8177 /* ProjectRegistryTests.swift */,
				F30BBD1CF36BE1553C3006C0 /* SaveTests.swift */,
				117FDE8C6FBCFA77CFA20799 /* YAMLFrontmatterTests.swift */,
				BC9064E69A70BAD6E76492DB /* Fixtures */,
			);
			path = AISkillManagerTests;
			sourceTree = "<group>";
		};
		BC9064E69A70BAD6E76492DB /* Fixtures */ = {
			isa = PBXGroup;
			children = (
				8C989A4CA8FC5B63369A3661 /* cursor-rules */,
				F89F090AE1A1F8D810BA699B /* dir-source */,
			);
			path = Fixtures;
			sourceTree = "<group>";
		};
		C5D3E33404DC94EF738CCFD7 /* App */ = {
			isa = PBXGroup;
			children = (
				F3AEB663FE8174780E3451B7 /* AppRoot.swift */,
			);
			path = App;
			sourceTree = "<group>";
		};
		F29CB5ECC85D5EB6148FDDB8 /* AISkillManager */ = {
			isa = PBXGroup;
			children = (
				B2D59857B83F90C9D3AE910F /* AISkillManagerApp.swift */,
				C5D3E33404DC94EF738CCFD7 /* App */,
				7C2ECAB81BE6B12F1B360BE0 /* Infrastructure */,
				433B1CF3B987451DB2501989 /* Models */,
				24CF6D9BC33B2B2C2A30B1D4 /* Repositories */,
				0C2B093D18AA254583E7E188 /* Resources */,
				A41C2CCFBA31E8127A318097 /* ViewModels */,
				8FDB91BBF77DF72A05238067 /* Views */,
			);
			path = AISkillManager;
			sourceTree = "<group>";
		};
/* End PBXGroup section */

/* Begin PBXNativeTarget section */
		15E695315433E564E0CD9130 /* AISkillManagerTests */ = {
			isa = PBXNativeTarget;
			buildConfigurationList = 5502E8C49C6CBD09E51B3A1E /* Build configuration list for PBXNativeTarget "AISkillManagerTests" */;
			buildPhases = (
				506DC7BCD7F9C8AE48E67840 /* Sources */,
				D19304EC29AD8A6072451365 /* Resources */,
			);
			buildRules = (
			);
			dependencies = (
				BA74BCDAD0C5BA79464032CA /* PBXTargetDependency */,
			);
			name = AISkillManagerTests;
			packageProductDependencies = (
			);
			productName = AISkillManagerTests;
			productReference = DD4D8B011E86F5A2BA387C2E /* AISkillManagerTests.xctest */;
			productType = "com.apple.product-type.bundle.unit-test";
		};
		DCABE19316DE1EB364D7893E /* AISkillManager */ = {
			isa = PBXNativeTarget;
			buildConfigurationList = 4FF4852A46F2999F144A00B4 /* Build configuration list for PBXNativeTarget "AISkillManager" */;
			buildPhases = (
				A65808B734628855EF7B8C0F /* Sources */,
				2B80D52A90E08775D451E2D8 /* Resources */,
				F4A33D0DD2128D2B68075B23 /* Frameworks */,
			);
			buildRules = (
			);
			dependencies = (
			);
			name = AISkillManager;
			packageProductDependencies = (
				6C9B7369E760D8E63DF908B5 /* Yams */,
			);
			productName = AISkillManager;
			productReference = EC4785B3C7CBC3C9BDD2E834 /* AISkillManager.app */;
			productType = "com.apple.product-type.application";
		};
/* End PBXNativeTarget section */

/* Begin PBXProject section */
		3BC7451B77588FAAF101764B /* Project object */ = {
			isa = PBXProject;
			attributes = {
				BuildIndependentTargetsInParallel = YES;
				LastUpgradeCheck = 1430;
				TargetAttributes = {
					DCABE19316DE1EB364D7893E = {
						DevelopmentTeam = "";
						ProvisioningStyle = Automatic;
					};
				};
			};
			buildConfigurationList = F86950D776E891D0956D7622 /* Build configuration list for PBXProject "AISkillManager" */;
			developmentRegion = en;
			hasScannedForEncodings = 0;
			knownRegions = (
				Base,
				en,
			);
			mainGroup = 563E973350A2649ED016AF8C;
			minimizedProjectReferenceProxies = 1;
			packageReferences = (
				C40850BA26F6E68EC7D31F80 /* XCRemoteSwiftPackageReference "Yams" */,
			);
			preferredProjectObjectVersion = 77;
			productRefGroup = 674291DC7CE866909E5E4B35 /* Products */;
			projectDirPath = "";
			projectRoot = "";
			targets = (
				DCABE19316DE1EB364D7893E /* AISkillManager */,
				15E695315433E564E0CD9130 /* AISkillManagerTests */,
			);
		};
/* End PBXProject section */

/* Begin PBXResourcesBuildPhase section */
		2B80D52A90E08775D451E2D8 /* Resources */ = {
			isa = PBXResourcesBuildPhase;
			buildActionMask = 2147483647;
			files = (
				C5B1254B0D92A2136017463A /* Assets.xcassets in Resources */,
			);
			runOnlyForDeploymentPostprocessing = 0;
		};
		D19304EC29AD8A6072451365 /* Resources */ = {
			isa = PBXResourcesBuildPhase;
			buildActionMask = 2147483647;
			files = (
				F3B296E0E8DCF4C089EB797D /* cursor-rules in Resources */,
				6C7C349AE4D3F4FB31909B06 /* dir-source in Resources */,
			);
			runOnlyForDeploymentPostprocessing = 0;
		};
/* End PBXResourcesBuildPhase section */

/* Begin PBXSourcesBuildPhase section */
		506DC7BCD7F9C8AE48E67840 /* Sources */ = {
			isa = PBXSourcesBuildPhase;
			buildActionMask = 2147483647;
			files = (
				32FA61E601A6A0EE3060C42A /* AnalysisCacheStoreTests.swift in Sources */,
				E46B5FF7CC1A736B6FEF9234 /* AppStoreTests.swift in Sources */,
				CD21DAB942D4B12DEBC88141 /* CreateDeleteTests.swift in Sources */,
				411D4BE74D822A2FB8AE9FCD /* CursorRulesRepoTests.swift in Sources */,
				718984EB2832A4A9DD147F9D /* DetailEditorVMTests.swift in Sources */,
				0FCF22D5C1C0083028CC767D /* DirectorySkillRepoBaseTests.swift in Sources */,
				7D41F041CD3B38B11FEFB02D /* PlaceholderTest.swift in Sources */,
				BD832EBABBF1A19936C1065E /* PreferencesStoreTests.swift in Sources */,
				A3AE1B41D535E53FE4E97CDD /* ProjectRegistryTests.swift in Sources */,
				0EF75180E8857625FD7A541E /* SaveTests.swift in Sources */,
				770D3EDB10B5BCA855BBE0E9 /* YAMLFrontmatterTests.swift in Sources */,
			);
			runOnlyForDeploymentPostprocessing = 0;
		};
		A65808B734628855EF7B8C0F /* Sources */ = {
			isa = PBXSourcesBuildPhase;
			buildActionMask = 2147483647;
			files = (
				DEB649D27D4266B183EBD8A9 /* AISkillManagerApp.swift in Sources */,
				7E266D548CBF7C19A851E625 /* AnalysisCacheStore.swift in Sources */,
				5577C44D81276CCB9FDF3D54 /* AppRoot.swift in Sources */,
				738933754D77244C25B68A07 /* AppStore.swift in Sources */,
				F9F9EB5E98B21778C3C826F3 /* AtomicWriter.swift in Sources */,
				54493854C42B31E53923237F /* ClaudeSkillsRepo.swift in Sources */,
				419C4BA5B9B83DDC51046E9E /* CodexSkillsRepo.swift in Sources */,
				56A42DE5D3EEE79D64FCC0B4 /* CursorRulesRepo.swift in Sources */,
				7A5BAB819921FE85A0AED128 /* CursorSkillsRepo.swift in Sources */,
				930C165B12308C8A765681E3 /* DetailEditorVM.swift in Sources */,
				3CBD0C5BF9E06C1E16F0FF5C /* DetailView.swift in Sources */,
				EB8F5B5F0586C599A31024E5 /* DirectorySkillRepoBase.swift in Sources */,
				A2F3F413E91FCF5CAD477C25 /* ItemListView.swift in Sources */,
				2C86EE86DC8FB7AF30687A02 /* NewItemSheet.swift in Sources */,
				CBF86D8745C9DFE92498F7C3 /* PreferencesStore.swift in Sources */,
				F0EF0292D9E979AB5CBE0D4C /* Project.swift in Sources */,
				70151E255FB52F58B7D5CFCF /* ProjectRegistry.swift in Sources */,
				6318E9A4A319C4356CCA6699 /* SidebarView.swift in Sources */,
				9ED3B82B58702504E94C3B59 /* SkillItem.swift in Sources */,
				7AA564264DB5C345B1686521 /* SkillItemID.swift in Sources */,
				500775ACF1EF5BE2C4E61C26 /* SkillRepository.swift in Sources */,
				28AA38473CB28B98EFD6A151 /* SourceKind.swift in Sources */,
				483506AA81EAF2BEA17B0D78 /* SourceScope.swift in Sources */,
				C90B44E9E81323FC926A42C4 /* YAMLFrontmatter.swift in Sources */,
			);
			runOnlyForDeploymentPostprocessing = 0;
		};
/* End PBXSourcesBuildPhase section */

/* Begin PBXTargetDependency section */
		BA74BCDAD0C5BA79464032CA /* PBXTargetDependency */ = {
			isa = PBXTargetDependency;
			target = DCABE19316DE1EB364D7893E /* AISkillManager */;
			targetProxy = 58B9259684CA4DDD13475C99 /* PBXContainerItemProxy */;
		};
/* End PBXTargetDependency section */

/* Begin XCBuildConfiguration section */
		59562D74660A8F608E5B815C /* Debug */ = {
			isa = XCBuildConfiguration;
			buildSettings = {
				ALWAYS_SEARCH_USER_PATHS = NO;
				CLANG_ANALYZER_NONNULL = YES;
				CLANG_ANALYZER_NUMBER_OBJECT_CONVERSION = YES_AGGRESSIVE;
				CLANG_CXX_LANGUAGE_STANDARD = "gnu++14";
				CLANG_CXX_LIBRARY = "libc++";
				CLANG_ENABLE_MODULES = YES;
				CLANG_ENABLE_OBJC_ARC = YES;
				CLANG_ENABLE_OBJC_WEAK = YES;
				CLANG_WARN_BLOCK_CAPTURE_AUTORELEASING = YES;
				CLANG_WARN_BOOL_CONVERSION = YES;
				CLANG_WARN_COMMA = YES;
				CLANG_WARN_CONSTANT_CONVERSION = YES;
				CLANG_WARN_DEPRECATED_OBJC_IMPLEMENTATIONS = YES;
				CLANG_WARN_DIRECT_OBJC_ISA_USAGE = YES_ERROR;
				CLANG_WARN_DOCUMENTATION_COMMENTS = YES;
				CLANG_WARN_EMPTY_BODY = YES;
				CLANG_WARN_ENUM_CONVERSION = YES;
				CLANG_WARN_INFINITE_RECURSION = YES;
				CLANG_WARN_INT_CONVERSION = YES;
				CLANG_WARN_NON_LITERAL_NULL_CONVERSION = YES;
				CLANG_WARN_OBJC_IMPLICIT_RETAIN_SELF = YES;
				CLANG_WARN_OBJC_LITERAL_CONVERSION = YES;
				CLANG_WARN_OBJC_ROOT_CLASS = YES_ERROR;
				CLANG_WARN_QUOTED_INCLUDE_IN_FRAMEWORK_HEADER = YES;
				CLANG_WARN_RANGE_LOOP_ANALYSIS = YES;
				CLANG_WARN_STRICT_PROTOTYPES = YES;
				CLANG_WARN_SUSPICIOUS_MOVE = YES;
				CLANG_WARN_UNGUARDED_AVAILABILITY = YES_AGGRESSIVE;
				CLANG_WARN_UNREACHABLE_CODE = YES;
				CLANG_WARN__DUPLICATE_METHOD_MATCH = YES;
				COPY_PHASE_STRIP = NO;
				CURRENT_PROJECT_VERSION = 1;
				DEBUG_INFORMATION_FORMAT = dwarf;
				ENABLE_STRICT_OBJC_MSGSEND = YES;
				ENABLE_TESTABILITY = YES;
				GCC_C_LANGUAGE_STANDARD = gnu11;
				GCC_DYNAMIC_NO_PIC = NO;
				GCC_NO_COMMON_BLOCKS = YES;
				GCC_OPTIMIZATION_LEVEL = 0;
				GCC_PREPROCESSOR_DEFINITIONS = (
					"$(inherited)",
					"DEBUG=1",
				);
				GCC_WARN_64_TO_32_BIT_CONVERSION = YES;
				GCC_WARN_ABOUT_RETURN_TYPE = YES_ERROR;
				GCC_WARN_UNDECLARED_SELECTOR = YES;
				GCC_WARN_UNINITIALIZED_AUTOS = YES_AGGRESSIVE;
				GCC_WARN_UNUSED_FUNCTION = YES;
				GCC_WARN_UNUSED_VARIABLE = YES;
				MACOSX_DEPLOYMENT_TARGET = 14.0;
				MARKETING_VERSION = 0.1.0;
				MTL_ENABLE_DEBUG_INFO = INCLUDE_SOURCE;
				MTL_FAST_MATH = YES;
				ONLY_ACTIVE_ARCH = YES;
				PRODUCT_NAME = "$(TARGET_NAME)";
				SDKROOT = macosx;
				SWIFT_ACTIVE_COMPILATION_CONDITIONS = DEBUG;
				SWIFT_OPTIMIZATION_LEVEL = "-Onone";
				SWIFT_VERSION = 5.9;
			};
			name = Debug;
		};
		7340F44A8DC1E636C9A8885D /* Debug */ = {
			isa = XCBuildConfiguration;
			buildSettings = {
				ASSETCATALOG_COMPILER_APPICON_NAME = AppIcon;
				ASSETCATALOG_COMPILER_GENERATE_SWIFT_ASSET_SYMBOL_EXTENSIONS = YES;
				CODE_SIGN_IDENTITY = "-";
				CODE_SIGN_STYLE = Automatic;
				COMBINE_HIDPI_IMAGES = YES;
				DEVELOPMENT_TEAM = "";
				ENABLE_HARDENED_RUNTIME = YES;
				GENERATE_INFOPLIST_FILE = YES;
				INFOPLIST_KEY_CFBundleDisplayName = Triskill;
				INFOPLIST_KEY_LSMinimumSystemVersion = 14.0;
				INFOPLIST_KEY_NSHumanReadableCopyright = "";
				LD_RUNPATH_SEARCH_PATHS = (
					"$(inherited)",
					"@executable_path/../Frameworks",
				);
				PRODUCT_BUNDLE_IDENTIFIER = com.mmx.AISkillManager;
				PRODUCT_MODULE_NAME = AISkillManager;
				PRODUCT_NAME = Triskill;
				SDKROOT = macosx;
			};
			name = Debug;
		};
		9B0726DA4BBB4CEDD4F6A656 /* Release */ = {
			isa = XCBuildConfiguration;
			buildSettings = {
				BUNDLE_LOADER = "$(TEST_HOST)";
				COMBINE_HIDPI_IMAGES = YES;
				GENERATE_INFOPLIST_FILE = YES;
				LD_RUNPATH_SEARCH_PATHS = (
					"$(inherited)",
					"@executable_path/../Frameworks",
					"@loader_path/../Frameworks",
				);
				PRODUCT_BUNDLE_IDENTIFIER = com.mmx.AISkillManagerTests;
				SDKROOT = macosx;
				TEST_HOST = "$(BUILT_PRODUCTS_DIR)/Triskill.app/Contents/MacOS/Triskill";
			};
			name = Release;
		};
		ABEA6F8A67427AFB858259F4 /* Debug */ = {
			isa = XCBuildConfiguration;
			buildSettings = {
				BUNDLE_LOADER = "$(TEST_HOST)";
				COMBINE_HIDPI_IMAGES = YES;
				GENERATE_INFOPLIST_FILE = YES;
				LD_RUNPATH_SEARCH_PATHS = (
					"$(inherited)",
					"@executable_path/../Frameworks",
					"@loader_path/../Frameworks",
				);
				PRODUCT_BUNDLE_IDENTIFIER = com.mmx.AISkillManagerTests;
				SDKROOT = macosx;
				TEST_HOST = "$(BUILT_PRODUCTS_DIR)/Triskill.app/Contents/MacOS/Triskill";
			};
			name = Debug;
		};
		B25B28AFA7BD1013DDFDC650 /* Release */ = {
			isa = XCBuildConfiguration;
			buildSettings = {
				ASSETCATALOG_COMPILER_APPICON_NAME = AppIcon;
				ASSETCATALOG_COMPILER_GENERATE_SWIFT_ASSET_SYMBOL_EXTENSIONS = YES;
				CODE_SIGN_IDENTITY = "-";
				CODE_SIGN_STYLE = Automatic;
				COMBINE_HIDPI_IMAGES = YES;
				DEVELOPMENT_TEAM = "";
				ENABLE_HARDENED_RUNTIME = YES;
				GENERATE_INFOPLIST_FILE = YES;
				INFOPLIST_KEY_CFBundleDisplayName = Triskill;
				INFOPLIST_KEY_LSMinimumSystemVersion = 14.0;
				INFOPLIST_KEY_NSHumanReadableCopyright = "";
				LD_RUNPATH_SEARCH_PATHS = (
					"$(inherited)",
					"@executable_path/../Frameworks",
				);
				PRODUCT_BUNDLE_IDENTIFIER = com.mmx.AISkillManager;
				PRODUCT_MODULE_NAME = AISkillManager;
				PRODUCT_NAME = Triskill;
				SDKROOT = macosx;
			};
			name = Release;
		};
		D96647E0DA9BC041E82C5D9B /* Release */ = {
			isa = XCBuildConfiguration;
			buildSettings = {
				ALWAYS_SEARCH_USER_PATHS = NO;
				CLANG_ANALYZER_NONNULL = YES;
				CLANG_ANALYZER_NUMBER_OBJECT_CONVERSION = YES_AGGRESSIVE;
				CLANG_CXX_LANGUAGE_STANDARD = "gnu++14";
				CLANG_CXX_LIBRARY = "libc++";
				CLANG_ENABLE_MODULES = YES;
				CLANG_ENABLE_OBJC_ARC = YES;
				CLANG_ENABLE_OBJC_WEAK = YES;
				CLANG_WARN_BLOCK_CAPTURE_AUTORELEASING = YES;
				CLANG_WARN_BOOL_CONVERSION = YES;
				CLANG_WARN_COMMA = YES;
				CLANG_WARN_CONSTANT_CONVERSION = YES;
				CLANG_WARN_DEPRECATED_OBJC_IMPLEMENTATIONS = YES;
				CLANG_WARN_DIRECT_OBJC_ISA_USAGE = YES_ERROR;
				CLANG_WARN_DOCUMENTATION_COMMENTS = YES;
				CLANG_WARN_EMPTY_BODY = YES;
				CLANG_WARN_ENUM_CONVERSION = YES;
				CLANG_WARN_INFINITE_RECURSION = YES;
				CLANG_WARN_INT_CONVERSION = YES;
				CLANG_WARN_NON_LITERAL_NULL_CONVERSION = YES;
				CLANG_WARN_OBJC_IMPLICIT_RETAIN_SELF = YES;
				CLANG_WARN_OBJC_LITERAL_CONVERSION = YES;
				CLANG_WARN_OBJC_ROOT_CLASS = YES_ERROR;
				CLANG_WARN_QUOTED_INCLUDE_IN_FRAMEWORK_HEADER = YES;
				CLANG_WARN_RANGE_LOOP_ANALYSIS = YES;
				CLANG_WARN_STRICT_PROTOTYPES = YES;
				CLANG_WARN_SUSPICIOUS_MOVE = YES;
				CLANG_WARN_UNGUARDED_AVAILABILITY = YES_AGGRESSIVE;
				CLANG_WARN_UNREACHABLE_CODE = YES;
				CLANG_WARN__DUPLICATE_METHOD_MATCH = YES;
				COPY_PHASE_STRIP = NO;
				CURRENT_PROJECT_VERSION = 1;
				DEBUG_INFORMATION_FORMAT = "dwarf-with-dsym";
				ENABLE_NS_ASSERTIONS = NO;
				ENABLE_STRICT_OBJC_MSGSEND = YES;
				GCC_C_LANGUAGE_STANDARD = gnu11;
				GCC_NO_COMMON_BLOCKS = YES;
				GCC_WARN_64_TO_32_BIT_CONVERSION = YES;
				GCC_WARN_ABOUT_RETURN_TYPE = YES_ERROR;
				GCC_WARN_UNDECLARED_SELECTOR = YES;
				GCC_WARN_UNINITIALIZED_AUTOS = YES_AGGRESSIVE;
				GCC_WARN_UNUSED_FUNCTION = YES;
				GCC_WARN_UNUSED_VARIABLE = YES;
				MACOSX_DEPLOYMENT_TARGET = 14.0;
				MARKETING_VERSION = 0.1.0;
				MTL_ENABLE_DEBUG_INFO = NO;
				MTL_FAST_MATH = YES;
				PRODUCT_NAME = "$(TARGET_NAME)";
				SDKROOT = macosx;
				SWIFT_COMPILATION_MODE = wholemodule;
				SWIFT_OPTIMIZATION_LEVEL = "-O";
				SWIFT_VERSION = 5.9;
			};
			name = Release;
		};
/* End XCBuildConfiguration section */

/* Begin XCConfigurationList section */
		4FF4852A46F2999F144A00B4 /* Build configuration list for PBXNativeTarget "AISkillManager" */ = {
			isa = XCConfigurationList;
			buildConfigurations = (
				7340F44A8DC1E636C9A8885D /* Debug */,
				B25B28AFA7BD1013DDFDC650 /* Release */,
			);
			defaultConfigurationIsVisible = 0;
			defaultConfigurationName = Debug;
		};
		5502E8C49C6CBD09E51B3A1E /* Build configuration list for PBXNativeTarget "AISkillManagerTests" */ = {
			isa = XCConfigurationList;
			buildConfigurations = (
				ABEA6F8A67427AFB858259F4 /* Debug */,
				9B0726DA4BBB4CEDD4F6A656 /* Release */,
			);
			defaultConfigurationIsVisible = 0;
			defaultConfigurationName = Debug;
		};
		F86950D776E891D0956D7622 /* Build configuration list for PBXProject "AISkillManager" */ = {
			isa = XCConfigurationList;
			buildConfigurations = (
				59562D74660A8F608E5B815C /* Debug */,
				D96647E0DA9BC041E82C5D9B /* Release */,
			);
			defaultConfigurationIsVisible = 0;
			defaultConfigurationName = Debug;
		};
/* End XCConfigurationList section */

/* Begin XCRemoteSwiftPackageReference section */
		C40850BA26F6E68EC7D31F80 /* XCRemoteSwiftPackageReference "Yams" */ = {
			isa = XCRemoteSwiftPackageReference;
			repositoryURL = "https://github.com/jpsim/Yams.git";
			requirement = {
				kind = upToNextMajorVersion;
				minimumVersion = 5.0.0;
			};
		};
/* End XCRemoteSwiftPackageReference section */

/* Begin XCSwiftPackageProductDependency section */
		6C9B7369E760D8E63DF908B5 /* Yams */ = {
			isa = XCSwiftPackageProductDependency;
			package = C40850BA26F6E68EC7D31F80 /* XCRemoteSwiftPackageReference "Yams" */;
			productName = Yams;
		};
/* End XCSwiftPackageProductDependency section */
	};
	rootObject = 3BC7451B77588FAAF101764B /* Project object */;
}
